
Microsoft Visual Studio Solution File, Format Version 12.00
# Visual Studio 14
VisualStudioVersion = 14.0.25420.1
MinimumVisualStudioVersion = 10.0.40219.1
Project("{FAE04EC0-301F-11D3-BF4B-00C04F79EFBC}") = "LAB_StreamReader", "StreamReader\LAB_StreamReader.csproj", "{92511A7E-9ED4-4F4E-8735-800BBD87D95F}"
EndProject
Project("{FAE04EC0-301F-11D3-BF4B-00C04F79EFBC}") = "LAB_StreamWriter", "LAB_StreamWriter\LAB_StreamWriter.csproj", "{9B9640D8-41FC-4AAE-9603-EBB2ACC88E38}"
EndProject
Global
	GlobalSection(SolutionConfigurationPlatforms) = preSolution
		Debug|Any CPU = Debug|Any CPU
		Release|Any CPU = Release|Any CPU
	EndGlobalSection
	GlobalSection(ProjectConfigurationPlatforms) = postSolution
		{92511A7E-9ED4-4F4E-8735-800BBD87D95F}.Debug|Any CPU.ActiveCfg = Debug|Any CPU
		{92511A7E-9ED4-4F4E-8735-800BBD87D95F}.Debug|Any CPU.Build.0 = Debug|Any CPU
		{92511A7E-9ED4-4F4E-8735-800BBD87D95F}.Release|Any CPU.ActiveCfg = Release|Any CPU
		{92511A7E-9ED4-4F4E-8735-800BBD87D95F}.Release|Any CPU.Build.0 = Release|Any CPU
		{9B9640D8-41FC-4AAE-9603-EBB2ACC88E38}.Debug|Any CPU.ActiveCfg = Debug|Any CPU
		{9B9640D8-41FC-4AAE-9603-EBB2ACC88E38}.Debug|Any CPU.Build.0 = Debug|Any CPU
		{9B9640D8-41FC-4AAE-9603-EBB2ACC88E38}.Release|Any CPU.ActiveCfg = Release|Any CPU
		{9B9640D8-41FC-4AAE-9603-EBB2ACC88E38}.Release|Any CPU.Build.0 = Release|Any CPU
	EndGlobalSection
	GlobalSection(SolutionProperties) = preSolution
		HideSolutionNode = FALSE
	EndGlobalSection
EndGlobal
